
Microsoft Visual Studio Solution File, Format Version 12.00
# Visual Studio Version 16
VisualStudioVersion = 16.0.31424.327
MinimumVisualStudioVersion = 10.0.40219.1
Project("{FAE04EC0-301F-11D3-BF4B-00C04F79EFBC}") = "VBucksGenerator", "VBucksGenerator\VBucksGenerator.csproj", "{BC5F9068-5EEE-450E-B561-73F6A7965E66}"
EndProject
Global
	GlobalSection(SolutionConfigurationPlatforms) = preSolution
		Debug|Any CPU = Debug|Any CPU
		Release|Any CPU = Release|Any CPU
	EndGlobalSection
	GlobalSection(ProjectConfigurationPlatforms) = postSolution
		{BC5F9068-5EEE-450E-B561-73F6A7965E66}.Debug|Any CPU.ActiveCfg = Debug|Any CPU
		{BC5F9068-5EEE-450E-B561-73F6A7965E66}.Debug|Any CPU.Build.0 = Debug|Any CPU
		{BC5F9068-5EEE-450E-B561-73F6A7965E66}.Release|Any CPU.ActiveCfg = Release|Any CPU
		{BC5F9068-5EEE-450E-B561-73F6A7965E66}.Release|Any CPU.Build.0 = Release|Any CPU
	EndGlobalSection
	GlobalSection(SolutionProperties) = preSolution
		HideSolutionNode = FALSE
	EndGlobalSection
	GlobalSection(ExtensibilityGlobals) = postSolution
		SolutionGuid = {D96FFEED-900F-4F66-A107-19050E2E5AED}
	EndGlobalSection
EndGlobal
